// !$*UTF8*$!
{
	archiveVersion = 1;
	classes = {
	};
	objectVersion = 77;
	objects = {

/* Begin PBXBuildFile section */
		BB0000000000000000000001 /* DictionaryWidget.appex in Embed Foundation Extensions */ = {isa = PBXBuildFile; fileRef = BB2000000000000000000001 /* DictionaryWidget.appex */; settings = {ATTRIBUTES = (RemoveHeadersOnCopy, ); }; };
		BB0100000000000000000001 /* DictionaryWidgetBundle.swift in Sources */ = {isa = PBXBuildFile; fileRef = BB1000000000000000000001 /* DictionaryWidgetBundle.swift */; };
		BB0100000000000000000002 /* WordOfTheDayWidget.swift in Sources */ = {isa = PBXBuildFile; fileRef = BB1000000000000000000002 /* WordOfTheDayWidget.swift */; };
		BB0100000000000000000003 /* SearchWidget.swift in Sources */ = {isa = PBXBuildFile; fileRef = BB1000000000000000000003 /* SearchWidget.swift */; };
		BB0100000000000000000004 /* WidgetDictionaryStore.swift in Sources */ = {isa = PBXBuildFile; fileRef = BB1000000000000000000004 /* WidgetDictionaryStore.swift */; };
		BB0100000000000000000005 /* WidgetFonts.swift in Sources */ = {isa = PBXBuildFile; fileRef = BB1000000000000000000005 /* WidgetFonts.swift */; };
		BB0100000000000000000006 /* WidgetDeepLink.swift in Sources */ = {isa = PBXBuildFile; fileRef = BB1000000000000000000006 /* WidgetDeepLink.swift */; };
		BB0200000000000000000001 /* WordNet.sqlite in Resources */ = {isa = PBXBuildFile; fileRef = BB1100000000000000000001 /* WordNet.sqlite */; };
		BB0200000000000000000002 /* Roboto-Regular.ttf in Resources */ = {isa = PBXBuildFile; fileRef = BB1100000000000000000002 /* Roboto-Regular.ttf */; };
		BB0200000000000000000003 /* Roboto-Medium.ttf in Resources */ = {isa = PBXBuildFile; fileRef = BB1100000000000000000003 /* Roboto-Medium.ttf */; };
		BB0200000000000000000004 /* Roboto-Bold.ttf in Resources */ = {isa = PBXBuildFile; fileRef = BB1100000000000000000004 /* Roboto-Bold.ttf */; };
		BB0200000000000000000005 /* Roboto-Italic.ttf in Resources */ = {isa = PBXBuildFile; fileRef = BB1100000000000000000005 /* Roboto-Italic.ttf */; };
		BB0200000000000000000006 /* Roboto-BoldItalic.ttf in Resources */ = {isa = PBXBuildFile; fileRef = BB1100000000000000000006 /* Roboto-BoldItalic.ttf */; };
/* End PBXBuildFile section */

/* Begin PBXContainerItemProxy section */
		BBE000000000000000000001 /* PBXContainerItemProxy */ = {
			isa = PBXContainerItemProxy;
			containerPortal = AA9000000000000000000001 /* Project object */;
			proxyType = 1;
			remoteGlobalIDString = BB5000000000000000000001;
			remoteInfo = DictionaryWidget;
		};
		CCE000000000000000000001 /* PBXContainerItemProxy */ = {
			isa = PBXContainerItemProxy;
			containerPortal = AA9000000000000000000001 /* Project object */;
			proxyType = 1;
			remoteGlobalIDString = AA5000000000000000000001;
			remoteInfo = Dictionary;
		};
/* End PBXContainerItemProxy section */

/* Begin PBXCopyFilesBuildPhase section */
		BBC000000000000000000001 /* Embed Foundation Extensions */ = {
			isa = PBXCopyFilesBuildPhase;
			buildActionMask = 2147483647;
			dstPath = "";
			dstSubfolderSpec = 13;
			files = (
				BB0000000000000000000001 /* DictionaryWidget.appex in Embed Foundation Extensions */,
			);
			name = "Embed Foundation Extensions";
			runOnlyForDeploymentPostprocessing = 0;
		};
/* End PBXCopyFilesBuildPhase section */

/* Begin PBXFileReference section */
		AA2000000000000000000001 /* Dictionary.app */ = {isa = PBXFileReference; explicitFileType = wrapper.application; includeInIndex = 0; path = Dictionary.app; sourceTree = BUILT_PRODUCTS_DIR; };
		BB1000000000000000000001 /* DictionaryWidgetBundle.swift */ = {isa = PBXFileReference; lastKnownFileType = sourcecode.swift; path = DictionaryWidgetBundle.swift; sourceTree = "<group>"; };
		BB1000000000000000000002 /* WordOfTheDayWidget.swift */ = {isa = PBXFileReference; lastKnownFileType = sourcecode.swift; path = WordOfTheDayWidget.swift; sourceTree = "<group>"; };
		BB1000000000000000000003 /* SearchWidget.swift */ = {isa = PBXFileReference; lastKnownFileType = sourcecode.swift; path = SearchWidget.swift; sourceTree = "<group>"; };
		BB1000000000000000000004 /* WidgetDictionaryStore.swift */ = {isa = PBXFileReference; lastKnownFileType = sourcecode.swift; path = WidgetDictionaryStore.swift; sourceTree = "<group>"; };
		BB1000000000000000000005 /* WidgetFonts.swift */ = {isa = PBXFileReference; lastKnownFileType = sourcecode.swift; path = WidgetFonts.swift; sourceTree = "<group>"; };
		BB1000000000000000000006 /* WidgetDeepLink.swift */ = {isa = PBXFileReference; lastKnownFileType = sourcecode.swift; path = WidgetDeepLink.swift; sourceTree = "<group>"; };
		BB1100000000000000000001 /* WordNet.sqlite */ = {isa = PBXFileReference; lastKnownFileType = file; name = WordNet.sqlite; path = Dictionary/Resources/WordNet.sqlite; sourceTree = SOURCE_ROOT; };
		BB1100000000000000000002 /* Roboto-Regular.ttf */ = {isa = PBXFileReference; lastKnownFileType = file; name = "Roboto-Regular.ttf"; path = "Dictionary/Resources/Fonts/Roboto-Regular.ttf"; sourceTree = SOURCE_ROOT; };
		BB1100000000000000000003 /* Roboto-Medium.ttf */ = {isa = PBXFileReference; lastKnownFileType = file; name = "Roboto-Medium.ttf"; path = "Dictionary/Resources/Fonts/Roboto-Medium.ttf"; sourceTree = SOURCE_ROOT; };
		BB1100000000000000000004 /* Roboto-Bold.ttf */ = {isa = PBXFileReference; lastKnownFileType = file; name = "Roboto-Bold.ttf"; path = "Dictionary/Resources/Fonts/Roboto-Bold.ttf"; sourceTree = SOURCE_ROOT; };
		BB1100000000000000000005 /* Roboto-Italic.ttf */ = {isa = PBXFileReference; lastKnownFileType = file; name = "Roboto-Italic.ttf"; path = "Dictionary/Resources/Fonts/Roboto-Italic.ttf"; sourceTree = SOURCE_ROOT; };
		BB1100000000000000000006 /* Roboto-BoldItalic.ttf */ = {isa = PBXFileReference; lastKnownFileType = file; name = "Roboto-BoldItalic.ttf"; path = "Dictionary/Resources/Fonts/Roboto-BoldItalic.ttf"; sourceTree = SOURCE_ROOT; };
		BB1200000000000000000001 /* Dictionary-Info.plist */ = {isa = PBXFileReference; lastKnownFileType = text.plist.xml; path = "Dictionary-Info.plist"; sourceTree = "<group>"; };
		BB1200000000000000000002 /* Info.plist */ = {isa = PBXFileReference; lastKnownFileType = text.plist.xml; path = Info.plist; sourceTree = "<group>"; };
		BB2000000000000000000001 /* DictionaryWidget.appex */ = {isa = PBXFileReference; explicitFileType = "wrapper.app-extension"; includeInIndex = 0; path = DictionaryWidget.appex; sourceTree = BUILT_PRODUCTS_DIR; };
		CC2000000000000000000001 /* DictionaryUITests.xctest */ = {isa = PBXFileReference; explicitFileType = wrapper.cfbundle; includeInIndex = 0; path = DictionaryUITests.xctest; sourceTree = BUILT_PRODUCTS_DIR; };
/* End PBXFileReference section */

/* Begin PBXFileSystemSynchronizedRootGroup section */
		AA1000000000000000000001 /* Dictionary */ = {
			isa = PBXFileSystemSynchronizedRootGroup;
			path = Dictionary;
			sourceTree = "<group>";
		};
		CC1000000000000000000001 /* DictionaryUITests */ = {
			isa = PBXFileSystemSynchronizedRootGroup;
			path = DictionaryUITests;
			sourceTree = "<group>";
		};
/* End PBXFileSystemSynchronizedRootGroup section */

/* Begin PBXFrameworksBuildPhase section */
		AA3000000000000000000001 /* Frameworks */ = {
			isa = PBXFrameworksBuildPhase;
			buildActionMask = 2147483647;
			files = (
			);
			runOnlyForDeploymentPostprocessing = 0;
		};
		BB3000000000000000000001 /* Frameworks */ = {
			isa = PBXFrameworksBuildPhase;
			buildActionMask = 2147483647;
			files = (
			);
			runOnlyForDeploymentPostprocessing = 0;
		};
		CC3000000000000000000001 /* Frameworks */ = {
			isa = PBXFrameworksBuildPhase;
			buildActionMask = 2147483647;
			files = (
			);
			runOnlyForDeploymentPostprocessing = 0;
		};
/* End PBXFrameworksBuildPhase section */

/* Begin PBXGroup section */
		AA4000000000000000000001 = {
			isa = PBXGroup;
			children = (
				AA1000000000000000000001 /* Dictionary */,
				BB4000000000000000000001 /* DictionaryWidget */,
				CC1000000000000000000001 /* DictionaryUITests */,
				BB4000000000000000000003 /* Supporting */,
				AA4000000000000000000002 /* Products */,
			);
			sourceTree = "<group>";
		};
		AA4000000000000000000002 /* Products */ = {
			isa = PBXGroup;
			children = (
				AA2000000000000000000001 /* Dictionary.app */,
				BB2000000000000000000001 /* DictionaryWidget.appex */,
				CC2000000000000000000001 /* DictionaryUITests.xctest */,
			);
			name = Products;
			sourceTree = "<group>";
		};
		BB4000000000000000000001 /* DictionaryWidget */ = {
			isa = PBXGroup;
			children = (
				BB1000000000000000000001 /* DictionaryWidgetBundle.swift */,
				BB1000000000000000000002 /* WordOfTheDayWidget.swift */,
				BB1000000000000000000003 /* SearchWidget.swift */,
				BB1000000000000000000004 /* WidgetDictionaryStore.swift */,
				BB1000000000000000000005 /* WidgetFonts.swift */,
				BB1000000000000000000006 /* WidgetDeepLink.swift */,
				BB1200000000000000000002 /* Info.plist */,
				BB4000000000000000000002 /* Shared Resources */,
			);
			path = DictionaryWidget;
			sourceTree = "<group>";
		};
		BB4000000000000000000002 /* Shared Resources */ = {
			isa = PBXGroup;
			children = (
				BB1100000000000000000001 /* WordNet.sqlite */,
				BB1100000000000000000002 /* Roboto-Regular.ttf */,
				BB1100000000000000000003 /* Roboto-Medium.ttf */,
				BB1100000000000000000004 /* Roboto-Bold.ttf */,
				BB1100000000000000000005 /* Roboto-Italic.ttf */,
				BB1100000000000000000006 /* Roboto-BoldItalic.ttf */,
			);
			name = "Shared Resources";
			sourceTree = "<group>";
		};
		BB4000000000000000000003 /* Supporting */ = {
			isa = PBXGroup;
			children = (
				BB1200000000000000000001 /* Dictionary-Info.plist */,
			);
			path = Supporting;
			sourceTree = "<group>";
		};
/* End PBXGroup section */

/* Begin PBXNativeTarget section */
		AA5000000000000000000001 /* Dictionary */ = {
			isa = PBXNativeTarget;
			buildConfigurationList = AA6000000000000000000003 /* Build configuration list for PBXNativeTarget "Dictionary" */;
			buildPhases = (
				AA7000000000000000000001 /* Sources */,
				AA3000000000000000000001 /* Frameworks */,
				AA8000000000000000000001 /* Resources */,
				BBC000000000000000000001 /* Embed Foundation Extensions */,
			);
			buildRules = (
			);
			dependencies = (
				BBD000000000000000000001 /* PBXTargetDependency */,
			);
			fileSystemSynchronizedGroups = (
				AA1000000000000000000001 /* Dictionary */,
			);
			name = Dictionary;
			packageProductDependencies = (
			);
			productName = Dictionary;
			productReference = AA2000000000000000000001 /* Dictionary.app */;
			productType = "com.apple.product-type.application";
		};
		BB5000000000000000000001 /* DictionaryWidget */ = {
			isa = PBXNativeTarget;
			buildConfigurationList = BB6000000000000000000001 /* Build configuration list for PBXNativeTarget "DictionaryWidget" */;
			buildPhases = (
				BB7000000000000000000001 /* Sources */,
				BB3000000000000000000001 /* Frameworks */,
				BB8000000000000000000001 /* Resources */,
			);
			buildRules = (
			);
			dependencies = (
			);
			name = DictionaryWidget;
			packageProductDependencies = (
			);
			productName = DictionaryWidget;
			productReference = BB2000000000000000000001 /* DictionaryWidget.appex */;
			productType = "com.apple.product-type.app-extension";
		};
		CC5000000000000000000001 /* DictionaryUITests */ = {
			isa = PBXNativeTarget;
			buildConfigurationList = CC6000000000000000000001 /* Build configuration list for PBXNativeTarget "DictionaryUITests" */;
			buildPhases = (
				CC7000000000000000000001 /* Sources */,
				CC3000000000000000000001 /* Frameworks */,
				CC8000000000000000000001 /* Resources */,
			);
			buildRules = (
			);
			dependencies = (
				CCD000000000000000000001 /* PBXTargetDependency */,
			);
			fileSystemSynchronizedGroups = (
				CC1000000000000000000001 /* DictionaryUITests */,
			);
			name = DictionaryUITests;
			packageProductDependencies = (
			);
			productName = DictionaryUITests;
			productReference = CC2000000000000000000001 /* DictionaryUITests.xctest */;
			productType = "com.apple.product-type.bundle.ui-testing";
		};
/* End PBXNativeTarget section */

/* Begin PBXProject section */
		AA9000000000000000000001 /* Project object */ = {
			isa = PBXProject;
			attributes = {
				BuildIndependentTargetsInParallel = 1;
				LastSwiftUpdateCheck = 1600;
				LastUpgradeCheck = 1600;
				TargetAttributes = {
					AA5000000000000000000001 = {
						CreatedOnToolsVersion = 16.0;
					};
					BB5000000000000000000001 = {
						CreatedOnToolsVersion = 26.6;
					};
					CC5000000000000000000001 = {
						CreatedOnToolsVersion = 26.6;
						TestTargetID = AA5000000000000000000001;
					};
				};
			};
			buildConfigurationList = AA6000000000000000000001 /* Build configuration list for PBXProject "Dictionary" */;
			developmentRegion = en;
			hasScannedForEncodings = 0;
			knownRegions = (
				en,
				Base,
			);
			mainGroup = AA4000000000000000000001;
			minimizedProjectReferenceProxies = 1;
			preferredProjectObjectVersion = 77;
			productRefGroup = AA4000000000000000000002 /* Products */;
			projectDirPath = "";
			projectRoot = "";
			targets = (
				AA5000000000000000000001 /* Dictionary */,
				BB5000000000000000000001 /* DictionaryWidget */,
				CC5000000000000000000001 /* DictionaryUITests */,
			);
		};
/* End PBXProject section */

/* Begin PBXResourcesBuildPhase section */
		AA8000000000000000000001 /* Resources */ = {
			isa = PBXResourcesBuildPhase;
			buildActionMask = 2147483647;
			files = (
			);
			runOnlyForDeploymentPostprocessing = 0;
		};
		BB8000000000000000000001 /* Resources */ = {
			isa = PBXResourcesBuildPhase;
			buildActionMask = 2147483647;
			files = (
				BB0200000000000000000001 /* WordNet.sqlite in Resources */,
				BB0200000000000000000002 /* Roboto-Regular.ttf in Resources */,
				BB0200000000000000000003 /* Roboto-Medium.ttf in Resources */,
				BB0200000000000000000004 /* Roboto-Bold.ttf in Resources */,
				BB0200000000000000000005 /* Roboto-Italic.ttf in Resources */,
				BB0200000000000000000006 /* Roboto-BoldItalic.ttf in Resources */,
			);
			runOnlyForDeploymentPostprocessing = 0;
		};
		CC8000000000000000000001 /* Resources */ = {
			isa = PBXResourcesBuildPhase;
			buildActionMask = 2147483647;
			files = (
			);
			runOnlyForDeploymentPostprocessing = 0;
		};
/* End PBXResourcesBuildPhase section */

/* Begin PBXSourcesBuildPhase section */
		AA7000000000000000000001 /* Sources */ = {
			isa = PBXSourcesBuildPhase;
			buildActionMask = 2147483647;
			files = (
			);
			runOnlyForDeploymentPostprocessing = 0;
		};
		BB7000000000000000000001 /* Sources */ = {
			isa = PBXSourcesBuildPhase;
			buildActionMask = 2147483647;
			files = (
				BB0100000000000000000001 /* DictionaryWidgetBundle.swift in Sources */,
				BB0100000000000000000002 /* WordOfTheDayWidget.swift in Sources */,
				BB0100000000000000000003 /* SearchWidget.swift in Sources */,
				BB0100000000000000000004 /* WidgetDictionaryStore.swift in Sources */,
				BB0100000000000000000005 /* WidgetFonts.swift in Sources */,
				BB0100000000000000000006 /* WidgetDeepLink.swift in Sources */,
			);
			runOnlyForDeploymentPostprocessing = 0;
		};
		CC7000000000000000000001 /* Sources */ = {
			isa = PBXSourcesBuildPhase;
			buildActionMask = 2147483647;
			files = (
			);
			runOnlyForDeploymentPostprocessing = 0;
		};
/* End PBXSourcesBuildPhase section */

/* Begin PBXTargetDependency section */
		BBD000000000000000000001 /* PBXTargetDependency */ = {
			isa = PBXTargetDependency;
			target = BB5000000000000000000001 /* DictionaryWidget */;
			targetProxy = BBE000000000000000000001 /* PBXContainerItemProxy */;
		};
		CCD000000000000000000001 /* PBXTargetDependency */ = {
			isa = PBXTargetDependency;
			target = AA5000000000000000000001 /* Dictionary */;
			targetProxy = CCE000000000000000000001 /* PBXContainerItemProxy */;
		};
/* End PBXTargetDependency section */

/* Begin XCBuildConfiguration section */
		AAA000000000000000000001 /* Debug */ = {
			isa = XCBuildConfiguration;
			buildSettings = {
				ALWAYS_SEARCH_USER_PATHS = NO;
				ASSETCATALOG_COMPILER_GENERATE_SWIFT_ASSET_SYMBOL_EXTENSIONS = YES;
				CLANG_ANALYZER_NONNULL = YES;
				CLANG_ANALYZER_NUMBER_OBJECT_CONVERSION = YES_AGGRESSIVE;
				CLANG_CXX_LANGUAGE_STANDARD = "gnu++20";
				CLANG_ENABLE_MODULES = YES;
				CLANG_ENABLE_OBJC_ARC = YES;
				CLANG_ENABLE_OBJC_WEAK = YES;
				CLANG_WARN_BLOCK_CAPTURE_AUTORELEASING = YES;
				CLANG_WARN_BOOL_CONVERSION = YES;
				CLANG_WARN_COMMA = YES;
				CLANG_WARN_CONSTANT_CONVERSION = YES;
				CLANG_WARN_DEPRECATED_OBJC_IMPLEMENTATIONS = YES;
				CLANG_WARN_DIRECT_OBJC_ISA_USAGE = YES_ERROR;
				CLANG_WARN_DOCUMENTATION_COMMENTS = YES;
				CLANG_WARN_EMPTY_BODY = YES;
				CLANG_WARN_ENUM_CONVERSION = YES;
				CLANG_WARN_INFINITE_RECURSION = YES;
				CLANG_WARN_INT_CONVERSION = YES;
				CLANG_WARN_NON_LITERAL_NULL_CONVERSION = YES;
				CLANG_WARN_OBJC_IMPLICIT_RETAIN_SELF = YES;
				CLANG_WARN_OBJC_LITERAL_CONVERSION = YES;
				CLANG_WARN_OBJC_ROOT_CLASS = YES_ERROR;
				CLANG_WARN_QUOTED_INCLUDE_IN_FRAMEWORK_HEADER = YES;
				CLANG_WARN_RANGE_LOOP_ANALYSIS = YES;
				CLANG_WARN_STRICT_PROTOTYPES = YES;
				CLANG_WARN_SUSPICIOUS_MOVE = YES;
				CLANG_WARN_UNGUARDED_AVAILABILITY = YES_AGGRESSIVE;
				CLANG_WARN_UNREACHABLE_CODE = YES;
				CLANG_WARN__DUPLICATE_METHOD_MATCH = YES;
				COPY_PHASE_STRIP = NO;
				DEBUG_INFORMATION_FORMAT = dwarf;
				ENABLE_STRICT_OBJC_MSGSEND = YES;
				ENABLE_TESTABILITY = YES;
				ENABLE_USER_SCRIPT_SANDBOXING = YES;
				GCC_C_LANGUAGE_STANDARD = gnu17;
				GCC_DYNAMIC_NO_PIC = NO;
				GCC_NO_COMMON_BLOCKS = YES;
				GCC_OPTIMIZATION_LEVEL = 0;
				GCC_PREPROCESSOR_DEFINITIONS = (
					"DEBUG=1",
					"$(inherited)",
				);
				GCC_WARN_64_TO_32_BIT_CONVERSION = YES;
				GCC_WARN_ABOUT_RETURN_TYPE = YES_ERROR;
				GCC_WARN_UNDECLARED_SELECTOR = YES;
				GCC_WARN_UNINITIALIZED_AUTOS = YES_AGGRESSIVE;
				GCC_WARN_UNUSED_FUNCTION = YES;
				GCC_WARN_UNUSED_VARIABLE = YES;
				IPHONEOS_DEPLOYMENT_TARGET = 17.0;
				LOCALIZATION_PREFERS_STRING_CATALOGS = YES;
				MTL_ENABLE_DEBUG_INFO = INCLUDE_SOURCE;
				MTL_FAST_MATH = YES;
				ONLY_ACTIVE_ARCH = YES;
				SDKROOT = iphoneos;
				SWIFT_ACTIVE_COMPILATION_CONDITIONS = "DEBUG $(inherited)";
				SWIFT_OPTIMIZATION_LEVEL = "-Onone";
			};
			name = Debug;
		};
		AAA000000000000000000002 /* Release */ = {
			isa = XCBuildConfiguration;
			buildSettings = {
				ALWAYS_SEARCH_USER_PATHS = NO;
				ASSETCATALOG_COMPILER_GENERATE_SWIFT_ASSET_SYMBOL_EXTENSIONS = YES;
				CLANG_ANALYZER_NONNULL = YES;
				CLANG_ANALYZER_NUMBER_OBJECT_CONVERSION = YES_AGGRESSIVE;
				CLANG_CXX_LANGUAGE_STANDARD = "gnu++20";
				CLANG_ENABLE_MODULES = YES;
				CLANG_ENABLE_OBJC_ARC = YES;
				CLANG_ENABLE_OBJC_WEAK = YES;
				CLANG_WARN_BLOCK_CAPTURE_AUTORELEASING = YES;
				CLANG_WARN_BOOL_CONVERSION = YES;
				CLANG_WARN_COMMA = YES;
				CLANG_WARN_CONSTANT_CONVERSION = YES;
				CLANG_WARN_DEPRECATED_OBJC_IMPLEMENTATIONS = YES;
				CLANG_WARN_DIRECT_OBJC_ISA_USAGE = YES_ERROR;
				CLANG_WARN_DOCUMENTATION_COMMENTS = YES;
				CLANG_WARN_EMPTY_BODY = YES;
				CLANG_WARN_ENUM_CONVERSION = YES;
				CLANG_WARN_INFINITE_RECURSION = YES;
				CLANG_WARN_INT_CONVERSION = YES;
				CLANG_WARN_NON_LITERAL_NULL_CONVERSION = YES;
				CLANG_WARN_OBJC_IMPLICIT_RETAIN_SELF = YES;
				CLANG_WARN_OBJC_LITERAL_CONVERSION = YES;
				CLANG_WARN_OBJC_ROOT_CLASS = YES_ERROR;
				CLANG_WARN_QUOTED_INCLUDE_IN_FRAMEWORK_HEADER = YES;
				CLANG_WARN_RANGE_LOOP_ANALYSIS = YES;
				CLANG_WARN_STRICT_PROTOTYPES = YES;
				CLANG_WARN_SUSPICIOUS_MOVE = YES;
				CLANG_WARN_UNGUARDED_AVAILABILITY = YES_AGGRESSIVE;
				CLANG_WARN_UNREACHABLE_CODE = YES;
				CLANG_WARN__DUPLICATE_METHOD_MATCH = YES;
				COPY_PHASE_STRIP = NO;
				DEBUG_INFORMATION_FORMAT = "dwarf-with-dsym";
				ENABLE_NS_ASSERTIONS = NO;
				ENABLE_STRICT_OBJC_MSGSEND = YES;
				ENABLE_USER_SCRIPT_SANDBOXING = YES;
				GCC_C_LANGUAGE_STANDARD = gnu17;
				GCC_NO_COMMON_BLOCKS = YES;
				GCC_WARN_64_TO_32_BIT_CONVERSION = YES;
				GCC_WARN_ABOUT_RETURN_TYPE = YES_ERROR;
				GCC_WARN_UNDECLARED_SELECTOR = YES;
				GCC_WARN_UNINITIALIZED_AUTOS = YES_AGGRESSIVE;
				GCC_WARN_UNUSED_FUNCTION = YES;
				GCC_WARN_UNUSED_VARIABLE = YES;
				IPHONEOS_DEPLOYMENT_TARGET = 17.0;
				LOCALIZATION_PREFERS_STRING_CATALOGS = YES;
				MTL_ENABLE_DEBUG_INFO = NO;
				MTL_FAST_MATH = YES;
				SDKROOT = iphoneos;
				SWIFT_COMPILATION_MODE = wholemodule;
				VALIDATE_PRODUCT = YES;
			};
			name = Release;
		};
		AAA000000000000000000003 /* Debug */ = {
			isa = XCBuildConfiguration;
			buildSettings = {
				ASSETCATALOG_COMPILER_APPICON_NAME = AppIcon;
				ASSETCATALOG_COMPILER_GLOBAL_ACCENT_COLOR_NAME = AccentColor;
				CODE_SIGN_STYLE = Automatic;
				CURRENT_PROJECT_VERSION = 1;
				DEVELOPMENT_TEAM = "";
				ENABLE_PREVIEWS = YES;
				GENERATE_INFOPLIST_FILE = YES;
				INFOPLIST_FILE = "Supporting/Dictionary-Info.plist";
				INFOPLIST_KEY_CFBundleDisplayName = Dictionary;
				INFOPLIST_KEY_UIApplicationSceneManifest_Generation = YES;
				INFOPLIST_KEY_UIApplicationSupportsIndirectInputEvents = YES;
				INFOPLIST_KEY_UILaunchScreen_Generation = YES;
				INFOPLIST_KEY_UISupportedInterfaceOrientations_iPad = "UIInterfaceOrientationPortrait UIInterfaceOrientationPortraitUpsideDown UIInterfaceOrientationLandscapeLeft UIInterfaceOrientationLandscapeRight";
				INFOPLIST_KEY_UISupportedInterfaceOrientations_iPhone = "UIInterfaceOrientationPortrait UIInterfaceOrientationLandscapeLeft UIInterfaceOrientationLandscapeRight";
				LD_RUNPATH_SEARCH_PATHS = (
					"$(inherited)",
					"@executable_path/Frameworks",
				);
				MARKETING_VERSION = 1.0;
				PRODUCT_BUNDLE_IDENTIFIER = com.igaurab.Dictionary;
				PRODUCT_NAME = "$(TARGET_NAME)";
				SWIFT_EMIT_LOC_STRINGS = YES;
				SWIFT_VERSION = 5.0;
				TARGETED_DEVICE_FAMILY = "1,2";
			};
			name = Debug;
		};
		AAA000000000000000000004 /* Release */ = {
			isa = XCBuildConfiguration;
			buildSettings = {
				ASSETCATALOG_COMPILER_APPICON_NAME = AppIcon;
				ASSETCATALOG_COMPILER_GLOBAL_ACCENT_COLOR_NAME = AccentColor;
				CODE_SIGN_STYLE = Automatic;
				CURRENT_PROJECT_VERSION = 1;
				DEVELOPMENT_TEAM = "";
				ENABLE_PREVIEWS = YES;
				GENERATE_INFOPLIST_FILE = YES;
				INFOPLIST_FILE = "Supporting/Dictionary-Info.plist";
				INFOPLIST_KEY_CFBundleDisplayName = Dictionary;
				INFOPLIST_KEY_UIApplicationSceneManifest_Generation = YES;
				INFOPLIST_KEY_UIApplicationSupportsIndirectInputEvents = YES;
				INFOPLIST_KEY_UILaunchScreen_Generation = YES;
				INFOPLIST_KEY_UISupportedInterfaceOrientations_iPad = "UIInterfaceOrientationPortrait UIInterfaceOrientationPortraitUpsideDown UIInterfaceOrientationLandscapeLeft UIInterfaceOrientationLandscapeRight";
				INFOPLIST_KEY_UISupportedInterfaceOrientations_iPhone = "UIInterfaceOrientationPortrait UIInterfaceOrientationLandscapeLeft UIInterfaceOrientationLandscapeRight";
				LD_RUNPATH_SEARCH_PATHS = (
					"$(inherited)",
					"@executable_path/Frameworks",
				);
				MARKETING_VERSION = 1.0;
				PRODUCT_BUNDLE_IDENTIFIER = com.igaurab.Dictionary;
				PRODUCT_NAME = "$(TARGET_NAME)";
				SWIFT_EMIT_LOC_STRINGS = YES;
				SWIFT_VERSION = 5.0;
				TARGETED_DEVICE_FAMILY = "1,2";
			};
			name = Release;
		};
		BBA000000000000000000001 /* Debug */ = {
			isa = XCBuildConfiguration;
			buildSettings = {
				CODE_SIGN_STYLE = Automatic;
				CURRENT_PROJECT_VERSION = 1;
				DEVELOPMENT_TEAM = "";
				ENABLE_PREVIEWS = YES;
				GENERATE_INFOPLIST_FILE = YES;
				INFOPLIST_FILE = DictionaryWidget/Info.plist;
				INFOPLIST_KEY_CFBundleDisplayName = Dictionary;
				IPHONEOS_DEPLOYMENT_TARGET = 17.0;
				LD_RUNPATH_SEARCH_PATHS = (
					"$(inherited)",
					"@executable_path/Frameworks",
					"@executable_path/../../Frameworks",
				);
				MARKETING_VERSION = 1.0;
				PRODUCT_BUNDLE_IDENTIFIER = com.igaurab.Dictionary.Widget;
				PRODUCT_NAME = "$(TARGET_NAME)";
				SKIP_INSTALL = YES;
				SWIFT_EMIT_LOC_STRINGS = YES;
				SWIFT_VERSION = 5.0;
				TARGETED_DEVICE_FAMILY = "1,2";
			};
			name = Debug;
		};
		BBA000000000000000000002 /* Release */ = {
			isa = XCBuildConfiguration;
			buildSettings = {
				CODE_SIGN_STYLE = Automatic;
				CURRENT_PROJECT_VERSION = 1;
				DEVELOPMENT_TEAM = "";
				ENABLE_PREVIEWS = YES;
				GENERATE_INFOPLIST_FILE = YES;
				INFOPLIST_FILE = DictionaryWidget/Info.plist;
				INFOPLIST_KEY_CFBundleDisplayName = Dictionary;
				IPHONEOS_DEPLOYMENT_TARGET = 17.0;
				LD_RUNPATH_SEARCH_PATHS = (
					"$(inherited)",
					"@executable_path/Frameworks",
					"@executable_path/../../Frameworks",
				);
				MARKETING_VERSION = 1.0;
				PRODUCT_BUNDLE_IDENTIFIER = com.igaurab.Dictionary.Widget;
				PRODUCT_NAME = "$(TARGET_NAME)";
				SKIP_INSTALL = YES;
				SWIFT_EMIT_LOC_STRINGS = YES;
				SWIFT_VERSION = 5.0;
				TARGETED_DEVICE_FAMILY = "1,2";
			};
			name = Release;
		};
		CCA000000000000000000001 /* Debug */ = {
			isa = XCBuildConfiguration;
			buildSettings = {
				CODE_SIGN_STYLE = Automatic;
				CURRENT_PROJECT_VERSION = 1;
				GENERATE_INFOPLIST_FILE = YES;
				IPHONEOS_DEPLOYMENT_TARGET = 17.0;
				MARKETING_VERSION = 1.0;
				PRODUCT_BUNDLE_IDENTIFIER = com.igaurab.DictionaryUITests;
				PRODUCT_NAME = "$(TARGET_NAME)";
				SWIFT_EMIT_LOC_STRINGS = NO;
				SWIFT_VERSION = 5.0;
				TARGETED_DEVICE_FAMILY = "1,2";
				TEST_TARGET_NAME = Dictionary;
			};
			name = Debug;
		};
		CCA000000000000000000002 /* Release */ = {
			isa = XCBuildConfiguration;
			buildSettings = {
				CODE_SIGN_STYLE = Automatic;
				CURRENT_PROJECT_VERSION = 1;
				GENERATE_INFOPLIST_FILE = YES;
				IPHONEOS_DEPLOYMENT_TARGET = 17.0;
				MARKETING_VERSION = 1.0;
				PRODUCT_BUNDLE_IDENTIFIER = com.igaurab.DictionaryUITests;
				PRODUCT_NAME = "$(TARGET_NAME)";
				SWIFT_EMIT_LOC_STRINGS = NO;
				SWIFT_VERSION = 5.0;
				TARGETED_DEVICE_FAMILY = "1,2";
				TEST_TARGET_NAME = Dictionary;
			};
			name = Release;
		};
/* End XCBuildConfiguration section */

/* Begin XCConfigurationList section */
		AA6000000000000000000001 /* Build configuration list for PBXProject "Dictionary" */ = {
			isa = XCConfigurationList;
			buildConfigurations = (
				AAA000000000000000000001 /* Debug */,
				AAA000000000000000000002 /* Release */,
			);
			defaultConfigurationIsVisible = 0;
			defaultConfigurationName = Release;
		};
		AA6000000000000000000003 /* Build configuration list for PBXNativeTarget "Dictionary" */ = {
			isa = XCConfigurationList;
			buildConfigurations = (
				AAA000000000000000000003 /* Debug */,
				AAA000000000000000000004 /* Release */,
			);
			defaultConfigurationIsVisible = 0;
			defaultConfigurationName = Release;
		};
		BB6000000000000000000001 /* Build configuration list for PBXNativeTarget "DictionaryWidget" */ = {
			isa = XCConfigurationList;
			buildConfigurations = (
				BBA000000000000000000001 /* Debug */,
				BBA000000000000000000002 /* Release */,
			);
			defaultConfigurationIsVisible = 0;
			defaultConfigurationName = Release;
		};
		CC6000000000000000000001 /* Build configuration list for PBXNativeTarget "DictionaryUITests" */ = {
			isa = XCConfigurationList;
			buildConfigurations = (
				CCA000000000000000000001 /* Debug */,
				CCA000000000000000000002 /* Release */,
			);
			defaultConfigurationIsVisible = 0;
			defaultConfigurationName = Release;
		};
/* End XCConfigurationList section */
	};
	rootObject = AA9000000000000000000001 /* Project object */;
}
